
Microsoft Visual Studio Solution File, Format Version 12.00
# Visual Studio 15
VisualStudioVersion = 15.0.26124.0
MinimumVisualStudioVersion = 15.0.26124.0
Project("{FAE04EC0-301F-11D3-BF4B-00C04F79EFBC}") = "diconsole.Core", "Core\diconsole.Core.csproj", "{737E9F04-B068-4B19-AF86-8A851BB272AE}"
EndProject
Project("{2150E333-8FDC-42A3-9474-1A3956D46DE8}") = "Server", "Server", "{509B49A8-CBF2-4DA8-B3C4-0BAF01CFB197}"
EndProject
Project("{FAE04EC0-301F-11D3-BF4B-00C04F79EFBC}") = "diConsole.Server", "Server\Implementation\diConsole.Server.csproj", "{9E4090B8-83AD-4D41-A9E0-1CD2072942FD}"
EndProject
Global
	GlobalSection(SolutionConfigurationPlatforms) = preSolution
		Debug|Any CPU = Debug|Any CPU
		Debug|x64 = Debug|x64
		Debug|x86 = Debug|x86
		Release|Any CPU = Release|Any CPU
		Release|x64 = Release|x64
		Release|x86 = Release|x86
	EndGlobalSection
	GlobalSection(SolutionProperties) = preSolution
		HideSolutionNode = FALSE
	EndGlobalSection
	GlobalSection(ProjectConfigurationPlatforms) = postSolution
		{737E9F04-B068-4B19-AF86-8A851BB272AE}.Debug|Any CPU.ActiveCfg = Debug|Any CPU
		{737E9F04-B068-4B19-AF86-8A851BB272AE}.Debug|Any CPU.Build.0 = Debug|Any CPU
		{737E9F04-B068-4B19-AF86-8A851BB272AE}.Debug|x64.ActiveCfg = Debug|Any CPU
		{737E9F04-B068-4B19-AF86-8A851BB272AE}.Debug|x64.Build.0 = Debug|Any CPU
		{737E9F04-B068-4B19-AF86-8A851BB272AE}.Debug|x86.ActiveCfg = Debug|Any CPU
		{737E9F04-B068-4B19-AF86-8A851BB272AE}.Debug|x86.Build.0 = Debug|Any CPU
		{737E9F04-B068-4B19-AF86-8A851BB272AE}.Release|Any CPU.ActiveCfg = Release|Any CPU
		{737E9F04-B068-4B19-AF86-8A851BB272AE}.Release|Any CPU.Build.0 = Release|Any CPU
		{737E9F04-B068-4B19-AF86-8A851BB272AE}.Release|x64.ActiveCfg = Release|Any CPU
		{737E9F04-B068-4B19-AF86-8A851BB272AE}.Release|x64.Build.0 = Release|Any CPU
		{737E9F04-B068-4B19-AF86-8A851BB272AE}.Release|x86.ActiveCfg = Release|Any CPU
		{737E9F04-B068-4B19-AF86-8A851BB272AE}.Release|x86.Build.0 = Release|Any CPU
		{9E4090B8-83AD-4D41-A9E0-1CD2072942FD}.Debug|Any CPU.ActiveCfg = Debug|Any CPU
		{9E4090B8-83AD-4D41-A9E0-1CD2072942FD}.Debug|Any CPU.Build.0 = Debug|Any CPU
		{9E4090B8-83AD-4D41-A9E0-1CD2072942FD}.Debug|x64.ActiveCfg = Debug|Any CPU
		{9E4090B8-83AD-4D41-A9E0-1CD2072942FD}.Debug|x64.Build.0 = Debug|Any CPU
		{9E4090B8-83AD-4D41-A9E0-1CD2072942FD}.Debug|x86.ActiveCfg = Debug|Any CPU
		{9E4090B8-83AD-4D41-A9E0-1CD2072942FD}.Debug|x86.Build.0 = Debug|Any CPU
		{9E4090B8-83AD-4D41-A9E0-1CD2072942FD}.Release|Any CPU.ActiveCfg = Release|Any CPU
		{9E4090B8-83AD-4D41-A9E0-1CD2072942FD}.Release|Any CPU.Build.0 = Release|Any CPU
		{9E4090B8-83AD-4D41-A9E0-1CD2072942FD}.Release|x64.ActiveCfg = Release|Any CPU
		{9E4090B8-83AD-4D41-A9E0-1CD2072942FD}.Release|x64.Build.0 = Release|Any CPU
		{9E4090B8-83AD-4D41-A9E0-1CD2072942FD}.Release|x86.ActiveCfg = Release|Any CPU
		{9E4090B8-83AD-4D41-A9E0-1CD2072942FD}.Release|x86.Build.0 = Release|Any CPU
	EndGlobalSection
	GlobalSection(NestedProjects) = preSolution
		{9E4090B8-83AD-4D41-A9E0-1CD2072942FD} = {509B49A8-CBF2-4DA8-B3C4-0BAF01CFB197}
	EndGlobalSection
EndGlobal
